{
  "nodes": {
    "nix-github-actions": {
      "inputs": {
        "nixpkgs": [
          "zephyr-nix",
          "nixpkgs"
        ]
      },
      "locked": {
        "lastModified": 1731952509,
        "narHash": "sha256-p4gB3Rhw8R6Ak4eMl8pqjCPOLCZRqaehZxdZ/mbFClM=",
        "owner": "nix-community",
        "repo": "nix-github-actions",
        "rev": "7b5f051df789b6b20d259924d349a9ba3319b226",
        "type": "github"
      },
      "original": {
        "owner": "nix-community",
        "repo": "nix-github-actions",
        "type": "github"
      }
    },
    "nixpkgs": {
      "locked": {
        "lastModified": 1743448293,
        "narHash": "sha256-bmEPmSjJakAp/JojZRrUvNcDX2R5/nuX6bm+seVaGhs=",
        "owner": "NixOS",
        "repo": "nixpkgs",
        "rev": "77b584d61ff80b4cef9245829a6f1dfad5afdfa3",
        "type": "github"
      },
      "original": {
        "owner": "NixOS",
        "ref": "nixos-unstable",
        "repo": "nixpkgs",
        "type": "github"
      }
    },
    "pyproject-nix": {
      "inputs": {
        "nixpkgs": [
          "zephyr-nix",
          "nixpkgs"
        ]
      },
      "locked": {
        "lastModified": 1736836246,
        "narHash": "sha256-bFvBMziYvFtB/Hly+O4WtBGeiDoz7eb2dVQbOvIrHHM=",
        "owner": "nix-community",
        "repo": "pyproject.nix",
        "rev": "3db43c7414fce4ce94ca67545233d251d306385a",
        "type": "github"
      },
      "original": {
        "owner": "nix-community",
        "repo": "pyproject.nix",
        "type": "github"
      }
    },
    "root": {
      "inputs": {
        "nixpkgs": "nixpkgs",
        "zephyr": "zephyr",
        "zephyr-nix": "zephyr-nix"
      }
    },
    "zephyr": {
      "flake": false,
      "locked": {
        "lastModified": 1749020948,
        "narHash": "sha256-tDaJ1bZi11wDtbtRxNkAPhvytrk6uOXZr5M6IggxjVA=",
        "owner": "petejohanson",
        "repo": "zephyr",
        "rev": "f50faa7bcb3878858ded13f7e4f5d4311b99ea50",
        "type": "github"
      },
      "original": {
        "owner": "petejohanson",
        "ref": "v4.1.0+zmk-fixes",
        "repo": "zephyr",
        "type": "github"
      }
    },
    "zephyr-nix": {
      "inputs": {
        "nix-github-actions": "nix-github-actions",
        "nixpkgs": [
          "nixpkgs"
        ],
        "pyproject-nix": "pyproject-nix",
        "zephyr": [
          "zephyr"
        ]
      },
      "locked": {
        "lastModified": 1753934984,
        "narHash": "sha256-1+5FO3Yg1bVz07mOr5XofwX1mT74nJc1fA/IEmqLBz0=",
        "owner": "adisbladis",
        "repo": "zephyr-nix",
        "rev": "d1d5f404a6109766ff41190d42e896d14f6eed1e",
        "type": "github"
      },
      "original": {
        "owner": "adisbladis",
        "repo": "zephyr-nix",
        "type": "github"
      }
    }
  },
  "root": "root",
  "version": 7
}
